
Microsoft Visual Studio Solution File, Format Version 12.00
# Visual Studio Version 17
VisualStudioVersion = 17.0.31903.59
MinimumVisualStudioVersion = 10.0.40219.1
Project("{FAE04EC0-301F-11D3-BF4B-00C04F79EFBC}") = "CloudHosting.Domain", "CloudHosting.Domain\CloudHosting.Domain.csproj", "{72FDF0A7-42F3-4271-B85E-BDCC5B18884C}"
EndProject
Project("{FAE04EC0-301F-11D3-BF4B-00C04F79EFBC}") = "CloudHosting.Application", "CloudHosting.Application\CloudHosting.Application.csproj", "{0A14DE29-C8D2-480D-ABAA-B0D0594D7996}"
EndProject
Project("{FAE04EC0-301F-11D3-BF4B-00C04F79EFBC}") = "CloudHosting.Infrastructure", "CloudHosting.Infrastructure\CloudHosting.Infrastructure.csproj", "{90ADB6B6-30B6-467A-9DCD-CEAB7D1249AA}"
EndProject
Project("{FAE04EC0-301F-11D3-BF4B-00C04F79EFBC}") = "CloudHosting.Presentation", "CloudHosting.Presentation\CloudHosting.Presentation.csproj", "{721B046C-18EE-4FE2-8187-74A3882189B0}"
EndProject
Global
	GlobalSection(SolutionConfigurationPlatforms) = preSolution
		Debug|Any CPU = Debug|Any CPU
		Debug|x64 = Debug|x64
		Debug|x86 = Debug|x86
		Release|Any CPU = Release|Any CPU
		Release|x64 = Release|x64
		Release|x86 = Release|x86
	EndGlobalSection
	GlobalSection(ProjectConfigurationPlatforms) = postSolution
		{72FDF0A7-42F3-4271-B85E-BDCC5B18884C}.Debug|Any CPU.ActiveCfg = Debug|Any CPU
		{72FDF0A7-42F3-4271-B85E-BDCC5B18884C}.Debug|Any CPU.Build.0 = Debug|Any CPU
		{72FDF0A7-42F3-4271-B85E-BDCC5B18884C}.Debug|x64.ActiveCfg = Debug|Any CPU
		{72FDF0A7-42F3-4271-B85E-BDCC5B18884C}.Debug|x64.Build.0 = Debug|Any CPU
		{72FDF0A7-42F3-4271-B85E-BDCC5B18884C}.Debug|x86.ActiveCfg = Debug|Any CPU
		{72FDF0A7-42F3-4271-B85E-BDCC5B18884C}.Debug|x86.Build.0 = Debug|Any CPU
		{72FDF0A7-42F3-4271-B85E-BDCC5B18884C}.Release|Any CPU.ActiveCfg = Release|Any CPU
		{72FDF0A7-42F3-4271-B85E-BDCC5B18884C}.Release|Any CPU.Build.0 = Release|Any CPU
		{72FDF0A7-42F3-4271-B85E-BDCC5B18884C}.Release|x64.ActiveCfg = Release|Any CPU
		{72FDF0A7-42F3-4271-B85E-BDCC5B18884C}.Release|x64.Build.0 = Release|Any CPU
		{72FDF0A7-42F3-4271-B85E-BDCC5B18884C}.Release|x86.ActiveCfg = Release|Any CPU
		{72FDF0A7-42F3-4271-B85E-BDCC5B18884C}.Release|x86.Build.0 = Release|Any CPU
		{0A14DE29-C8D2-480D-ABAA-B0D0594D7996}.Debug|Any CPU.ActiveCfg = Debug|Any CPU
		{0A14DE29-C8D2-480D-ABAA-B0D0594D7996}.Debug|Any CPU.Build.0 = Debug|Any CPU
		{0A14DE29-C8D2-480D-ABAA-B0D0594D7996}.Debug|x64.ActiveCfg = Debug|Any CPU
		{0A14DE29-C8D2-480D-ABAA-B0D0594D7996}.Debug|x64.Build.0 = Debug|Any CPU
		{0A14DE29-C8D2-480D-ABAA-B0D0594D7996}.Debug|x86.ActiveCfg = Debug|Any CPU
		{0A14DE29-C8D2-480D-ABAA-B0D0594D7996}.Debug|x86.Build.0 = Debug|Any CPU
		{0A14DE29-C8D2-480D-ABAA-B0D0594D7996}.Release|Any CPU.ActiveCfg = Release|Any CPU
		{0A14DE29-C8D2-480D-ABAA-B0D0594D7996}.Release|Any CPU.Build.0 = Release|Any CPU
		{0A14DE29-C8D2-480D-ABAA-B0D0594D7996}.Release|x64.ActiveCfg = Release|Any CPU
		{0A14DE29-C8D2-480D-ABAA-B0D0594D7996}.Release|x64.Build.0 = Release|Any CPU
		{0A14DE29-C8D2-480D-ABAA-B0D0594D7996}.Release|x86.ActiveCfg = Release|Any CPU
		{0A14DE29-C8D2-480D-ABAA-B0D0594D7996}.Release|x86.Build.0 = Release|Any CPU
		{90ADB6B6-30B6-467A-9DCD-CEAB7D1249AA}.Debug|Any CPU.ActiveCfg = Debug|Any CPU
		{90ADB6B6-30B6-467A-9DCD-CEAB7D1249AA}.Debug|Any CPU.Build.0 = Debug|Any CPU
		{90ADB6B6-30B6-467A-9DCD-CEAB7D1249AA}.Debug|x64.ActiveCfg = Debug|Any CPU
		{90ADB6B6-30B6-467A-9DCD-CEAB7D1249AA}.Debug|x64.Build.0 = Debug|Any CPU
		{90ADB6B6-30B6-467A-9DCD-CEAB7D1249AA}.Debug|x86.ActiveCfg = Debug|Any CPU
		{90ADB6B6-30B6-467A-9DCD-CEAB7D1249AA}.Debug|x86.Build.0 = Debug|Any CPU
		{90ADB6B6-30B6-467A-9DCD-CEAB7D1249AA}.Release|Any CPU.ActiveCfg = Release|Any CPU
		{90ADB6B6-30B6-467A-9DCD-CEAB7D1249AA}.Release|Any CPU.Build.0 = Release|Any CPU
		{90ADB6B6-30B6-467A-9DCD-CEAB7D1249AA}.Release|x64.ActiveCfg = Release|Any CPU
		{90ADB6B6-30B6-467A-9DCD-CEAB7D1249AA}.Release|x64.Build.0 = Release|Any CPU
		{90ADB6B6-30B6-467A-9DCD-CEAB7D1249AA}.Release|x86.ActiveCfg = Release|Any CPU
		{90ADB6B6-30B6-467A-9DCD-CEAB7D1249AA}.Release|x86.Build.0 = Release|Any CPU
		{721B046C-18EE-4FE2-8187-74A3882189B0}.Debug|Any CPU.ActiveCfg = Debug|Any CPU
		{721B046C-18EE-4FE2-8187-74A3882189B0}.Debug|Any CPU.Build.0 = Debug|Any CPU
		{721B046C-18EE-4FE2-8187-74A3882189B0}.Debug|x64.ActiveCfg = Debug|Any CPU
		{721B046C-18EE-4FE2-8187-74A3882189B0}.Debug|x64.Build.0 = Debug|Any CPU
		{721B046C-18EE-4FE2-8187-74A3882189B0}.Debug|x86.ActiveCfg = Debug|Any CPU
		{721B046C-18EE-4FE2-8187-74A3882189B0}.Debug|x86.Build.0 = Debug|Any CPU
		{721B046C-18EE-4FE2-8187-74A3882189B0}.Release|Any CPU.ActiveCfg = Release|Any CPU
		{721B046C-18EE-4FE2-8187-74A3882189B0}.Release|Any CPU.Build.0 = Release|Any CPU
		{721B046C-18EE-4FE2-8187-74A3882189B0}.Release|x64.ActiveCfg = Release|Any CPU
		{721B046C-18EE-4FE2-8187-74A3882189B0}.Release|x64.Build.0 = Release|Any CPU
		{721B046C-18EE-4FE2-8187-74A3882189B0}.Release|x86.ActiveCfg = Release|Any CPU
		{721B046C-18EE-4FE2-8187-74A3882189B0}.Release|x86.Build.0 = Release|Any CPU
	EndGlobalSection
	GlobalSection(SolutionProperties) = preSolution
		HideSolutionNode = FALSE
	EndGlobalSection
EndGlobal
